
Microsoft Visual Studio Solution File, Format Version 12.00
# Visual Studio Version 17
VisualStudioVersion = 17.9.34723.18
MinimumVisualStudioVersion = 10.0.40219.1
Project("{FAE04EC0-301F-11D3-BF4B-00C04F79EFBC}") = "RazerPagesMiniShop", "RazerPagesMiniShop\RazerPagesMiniShop.csproj", "{FD12B835-9E35-44E2-992E-B0A0CF2865FC}"
EndProject
Global
	GlobalSection(SolutionConfigurationPlatforms) = preSolution
		Debug|Any CPU = Debug|Any CPU
		Release|Any CPU = Release|Any CPU
	EndGlobalSection
	GlobalSection(ProjectConfigurationPlatforms) = postSolution
		{FD12B835-9E35-44E2-992E-B0A0CF2865FC}.Debug|Any CPU.ActiveCfg = Debug|Any CPU
		{FD12B835-9E35-44E2-992E-B0A0CF2865FC}.Debug|Any CPU.Build.0 = Debug|Any CPU
		{FD12B835-9E35-44E2-992E-B0A0CF2865FC}.Release|Any CPU.ActiveCfg = Release|Any CPU
		{FD12B835-9E35-44E2-992E-B0A0CF2865FC}.Release|Any CPU.Build.0 = Release|Any CPU
	EndGlobalSection
	GlobalSection(SolutionProperties) = preSolution
		HideSolutionNode = FALSE
	EndGlobalSection
	GlobalSection(ExtensibilityGlobals) = postSolution
		SolutionGuid = {4F29109E-F6A5-4AAB-A4A9-1CC1329F5C04}
	EndGlobalSection
EndGlobal
